name: AdBlock — best ad blocker
description: A popular ad-blocking extension for Chrome to block intrusive ads and improve browsing experience.
icon: https://adblockplus.org/favicon.ico
website: https://chrome.google.com/webstore/detail/adblock-%E2%80%94-best-ad-blocker/gighmmpiobklfepjocnamgkkbiglidom
category: chrome extension
